// !$*UTF8*$!
{
	archiveVersion = 1;
	classes = {
	};
	objectVersion = 46;
	objects = {

/* Begin PBXBuildFile section */
		CB4B594E17DF95B700E0A3A0 /* UIKit.framework in Frameworks */ = {isa = PBXBuildFile; fileRef = CB4B594D17DF95B700E0A3A0 /* UIKit.framework */; };
		CB4B595017DF95B700E0A3A0 /* Foundation.framework in Frameworks */ = {isa = PBXBuildFile; fileRef = CB4B594F17DF95B700E0A3A0 /* Foundation.framework */; };
		CB4B595217DF95B700E0A3A0 /* CoreGraphics.framework in Frameworks */ = {isa = PBXBuildFile; fileRef = CB4B595117DF95B700E0A3A0 /* CoreGraphics.framework */; };
		CB4B595817DF95B700E0A3A0 /* InfoPlist.strings in Resources */ = {isa = PBXBuildFile; fileRef = CB4B595617DF95B700E0A3A0 /* InfoPlist.strings */; };
		CB4B595A17DF95B700E0A3A0 /* main.m in Sources */ = {isa = PBXBuildFile; fileRef = CB4B595917DF95B700E0A3A0 /* main.m */; };
		CB4B595E17DF95B700E0A3A0 /* AppDelegate.m in Sources */ = {isa = PBXBuildFile; fileRef = CB4B595D17DF95B700E0A3A0 /* AppDelegate.m */; };
		CB4B596017DF95B700E0A3A0 /* Default.png in Resources */ = {isa = PBXBuildFile; fileRef = CB4B595F17DF95B700E0A3A0 /* Default.png */; };
		CB4B596217DF95B700E0A3A0 /* Default@2x.png in Resources */ = {isa = PBXBuildFile; fileRef = CB4B596117DF95B700E0A3A0 /* Default@2x.png */; };
		CB4B596417DF95B700E0A3A0 /* Default-568h@2x.png in Resources */ = {isa = PBXBuildFile; fileRef = CB4B596317DF95B700E0A3A0 /* Default-568h@2x.png */; };
		CB4B596717DF95B700E0A3A0 /* MainStoryboard.storyboard in Resources */ = {isa = PBXBuildFile; fileRef = CB4B596517DF95B700E0A3A0 /* MainStoryboard.storyboard */; };
		CB4B596A17DF95B700E0A3A0 /* ViewController.m in Sources */ = {isa = PBXBuildFile; fileRef = CB4B596917DF95B700E0A3A0 /* ViewController.m */; };
/* End PBXBuildFile section */

/* Begin PBXFileReference section */
		CB4B594A17DF95B700E0A3A0 /* iOS_AR_Ch1_introduccion.app */ = {isa = PBXFileReference; explicitFileType = wrapper.application; includeInIndex = 0; path = iOS_AR_Ch1_introduccion.app; sourceTree = BUILT_PRODUCTS_DIR; };
		CB4B594D17DF95B700E0A3A0 /* UIKit.framework */ = {isa = PBXFileReference; lastKnownFileType = wrapper.framework; name = UIKit.framework; path = System/Library/Frameworks/UIKit.framework; sourceTree = SDKROOT; };
		CB4B594F17DF95B700E0A3A0 /* Foundation.framework */ = {isa = PBXFileReference; lastKnownFileType = wrapper.framework; name = Foundation.framework; path = System/Library/Frameworks/Foundation.framework; sourceTree = SDKROOT; };
		CB4B595117DF95B700E0A3A0 /* CoreGraphics.framework */ = {isa = PBXFileReference; lastKnownFileType = wrapper.framework; name = CoreGraphics.framework; path = System/Library/Frameworks/CoreGraphics.framework; sourceTree = SDKROOT; };
		CB4B595517DF95B700E0A3A0 /* iOS_AR_Ch1_introduccion-Info.plist */ = {isa = PBXFileReference; lastKnownFileType = text.plist.xml; path = "iOS_AR_Ch1_introduccion-Info.plist"; sourceTree = "<group>"; };
		CB4B595717DF95B700E0A3A0 /* en */ = {isa = PBXFileReference; lastKnownFileType = text.plist.strings; name = en; path = en.lproj/InfoPlist.strings; sourceTree = "<group>"; };
		CB4B595917DF95B700E0A3A0 /* main.m */ = {isa = PBXFileReference; lastKnownFileType = sourcecode.c.objc; path = main.m; sourceTree = "<group>"; };
		CB4B595B17DF95B700E0A3A0 /* iOS_AR_Ch1_introduccion-Prefix.pch */ = {isa = PBXFileReference; lastKnownFileType = sourcecode.c.h; path = "iOS_AR_Ch1_introduccion-Prefix.pch"; sourceTree = "<group>"; };
		CB4B595C17DF95B700E0A3A0 /* AppDelegate.h */ = {isa = PBXFileReference; lastKnownFileType = sourcecode.c.h; path = AppDelegate.h; sourceTree = "<group>"; };
		CB4B595D17DF95B700E0A3A0 /* AppDelegate.m */ = {isa = PBXFileReference; lastKnownFileType = sourcecode.c.objc; path = AppDelegate.m; sourceTree = "<group>"; };
		CB4B595F17DF95B700E0A3A0 /* Default.png */ = {isa = PBXFileReference; lastKnownFileType = image.png; path = Default.png; sourceTree = "<group>"; };
		CB4B596117DF95B700E0A3A0 /* Default@2x.png */ = {isa = PBXFileReference; lastKnownFileType = image.png; path = "Default@2x.png"; sourceTree = "<group>"; };
		CB4B596317DF95B700E0A3A0 /* Default-568h@2x.png */ = {isa = PBXFileReference; lastKnownFileType = image.png; path = "Default-568h@2x.png"; sourceTree = "<group>"; };
		CB4B596617DF95B700E0A3A0 /* en */ = {isa = PBXFileReference; lastKnownFileType = file.storyboard; name = en; path = en.lproj/MainStoryboard.storyboard; sourceTree = "<group>"; };
		CB4B596817DF95B700E0A3A0 /* ViewController.h */ = {isa = PBXFileReference; lastKnownFileType = sourcecode.c.h; path = ViewController.h; sourceTree = "<group>"; };
		CB4B596917DF95B700E0A3A0 /* ViewController.m */ = {isa = PBXFileReference; lastKnownFileType = sourcecode.c.objc; path = ViewController.m; sourceTree = "<group>"; };
/* End PBXFileReference section */

/* Begin PBXFrameworksBuildPhase section */
		CB4B594717DF95B700E0A3A0 /* Frameworks */ = {
			isa = PBXFrameworksBuildPhase;
			buildActionMask = 2147483647;
			files = (
				CB4B594E17DF95B700E0A3A0 /* UIKit.framework in Frameworks */,
				CB4B595017DF95B700E0A3A0 /* Foundation.framework in Frameworks */,
				CB4B595217DF95B700E0A3A0 /* CoreGraphics.framework in Frameworks */,
			);
			runOnlyForDeploymentPostprocessing = 0;
		};
/* End PBXFrameworksBuildPhase section */

/* Begin PBXGroup section */
		CB4B594117DF95B700E0A3A0 = {
			isa = PBXGroup;
			children = (
				CB4B595317DF95B700E0A3A0 /* iOS_AR_Ch1_introduccion */,
				CB4B594C17DF95B700E0A3A0 /* Frameworks */,
				CB4B594B17DF95B700E0A3A0 /* Products */,
			);
			sourceTree = "<group>";
		};
		CB4B594B17DF95B700E0A3A0 /* Products */ = {
			isa = PBXGroup;
			children = (
				CB4B594A17DF95B700E0A3A0 /* iOS_AR_Ch1_introduccion.app */,
			);
			name = Products;
			sourceTree = "<group>";
		};
		CB4B594C17DF95B700E0A3A0 /* Frameworks */ = {
			isa = PBXGroup;
			children = (
				CB4B594D17DF95B700E0A3A0 /* UIKit.framework */,
				CB4B594F17DF95B700E0A3A0 /* Foundation.framework */,
				CB4B595117DF95B700E0A3A0 /* CoreGraphics.framework */,
			);
			name = Frameworks;
			sourceTree = "<group>";
		};
		CB4B595317DF95B700E0A3A0 /* iOS_AR_Ch1_introduccion */ = {
			isa = PBXGroup;
			children = (
				CB4B595C17DF95B700E0A3A0 /* AppDelegate.h */,
				CB4B595D17DF95B700E0A3A0 /* AppDelegate.m */,
				CB4B596517DF95B700E0A3A0 /* MainStoryboard.storyboard */,
				CB4B596817DF95B700E0A3A0 /* ViewController.h */,
				CB4B596917DF95B700E0A3A0 /* ViewController.m */,
				CB4B595417DF95B700E0A3A0 /* Supporting Files */,
			);
			path = iOS_AR_Ch1_introduccion;
			sourceTree = "<group>";
		};
		CB4B595417DF95B700E0A3A0 /* Supporting Files */ = {
			isa = PBXGroup;
			children = (
				CB4B595517DF95B700E0A3A0 /* iOS_AR_Ch1_introduccion-Info.plist */,
				CB4B595617DF95B700E0A3A0 /* InfoPlist.strings */,
				CB4B595917DF95B700E0A3A0 /* main.m */,
				CB4B595B17DF95B700E0A3A0 /* iOS_AR_Ch1_introduccion-Prefix.pch */,
				CB4B595F17DF95B700E0A3A0 /* Default.png */,
				CB4B596117DF95B700E0A3A0 /* Default@2x.png */,
				CB4B596317DF95B700E0A3A0 /* Default-568h@2x.png */,
			);
			name = "Supporting Files";
			sourceTree = "<group>";
		};
/* End PBXGroup section */

/* Begin PBXNativeTarget section */
		CB4B594917DF95B700E0A3A0 /* iOS_AR_Ch1_introduccion */ = {
			isa = PBXNativeTarget;
			buildConfigurationList = CB4B596D17DF95B700E0A3A0 /* Build configuration list for PBXNativeTarget "iOS_AR_Ch1_introduccion" */;
			buildPhases = (
				CB4B594617DF95B700E0A3A0 /* Sources */,
				CB4B594717DF95B700E0A3A0 /* Frameworks */,
				CB4B594817DF95B700E0A3A0 /* Resources */,
			);
			buildRules = (
			);
			dependencies = (
			);
			name = iOS_AR_Ch1_introduccion;
			productName = iOS_AR_Ch1_introduccion;
			productReference = CB4B594A17DF95B700E0A3A0 /* iOS_AR_Ch1_introduccion.app */;
			productType = "com.apple.product-type.application";
		};
/* End PBXNativeTarget section */

/* Begin PBXProject section */
		CB4B594217DF95B700E0A3A0 /* Project object */ = {
			isa = PBXProject;
			attributes = {
				LastUpgradeCheck = 0460;
				ORGANIZATIONNAME = "Henry AT";
			};
			buildConfigurationList = CB4B594517DF95B700E0A3A0 /* Build configuration list for PBXProject "iOS_AR_Ch1_introduccion" */;
			compatibilityVersion = "Xcode 3.2";
			developmentRegion = English;
			hasScannedForEncodings = 0;
			knownRegions = (
				en,
			);
			mainGroup = CB4B594117DF95B700E0A3A0;
			productRefGroup = CB4B594B17DF95B700E0A3A0 /* Products */;
			projectDirPath = "";
			projectRoot = "";
			targets = (
				CB4B594917DF95B700E0A3A0 /* iOS_AR_Ch1_introduccion */,
			);
		};
/* End PBXProject section */

/* Begin PBXResourcesBuildPhase section */
		CB4B594817DF95B700E0A3A0 /* Resources */ = {
			isa = PBXResourcesBuildPhase;
			buildActionMask = 2147483647;
			files = (
				CB4B595817DF95B700E0A3A0 /* InfoPlist.strings in Resources */,
				CB4B596017DF95B700E0A3A0 /* Default.png in Resources */,
				CB4B596217DF95B700E0A3A0 /* Default@2x.png in Resources */,
				CB4B596417DF95B700E0A3A0 /* Default-568h@2x.png in Resources */,
				CB4B596717DF95B700E0A3A0 /* MainStoryboard.storyboard in Resources */,
			);
			runOnlyForDeploymentPostprocessing = 0;
		};
/* End PBXResourcesBuildPhase section */

/* Begin PBXSourcesBuildPhase section */
		CB4B594617DF95B700E0A3A0 /* Sources */ = {
			isa = PBXSourcesBuildPhase;
			buildActionMask = 2147483647;
			files = (
				CB4B595A17DF95B700E0A3A0 /* main.m in Sources */,
				CB4B595E17DF95B700E0A3A0 /* AppDelegate.m in Sources */,
				CB4B596A17DF95B700E0A3A0 /* ViewController.m in Sources */,
			);
			runOnlyForDeploymentPostprocessing = 0;
		};
/* End PBXSourcesBuildPhase section */

/* Begin PBXVariantGroup section */
		CB4B595617DF95B700E0A3A0 /* InfoPlist.strings */ = {
			isa = PBXVariantGroup;
			children = (
				CB4B595717DF95B700E0A3A0 /* en */,
			);
			name = InfoPlist.strings;
			sourceTree = "<group>";
		};
		CB4B596517DF95B700E0A3A0 /* MainStoryboard.storyboard */ = {
			isa = PBXVariantGroup;
			children = (
				CB4B596617DF95B700E0A3A0 /* en */,
			);
			name = MainStoryboard.storyboard;
			sourceTree = "<group>";
		};
/* End PBXVariantGroup section */

/* Begin XCBuildConfiguration section */
		CB4B596B17DF95B700E0A3A0 /* Debug */ = {
			isa = XCBuildConfiguration;
			buildSettings = {
				ALWAYS_SEARCH_USER_PATHS = NO;
				CLANG_CXX_LANGUAGE_STANDARD = "gnu++0x";
				CLANG_CXX_LIBRARY = "libc++";
				CLANG_ENABLE_OBJC_ARC = YES;
				CLANG_WARN_CONSTANT_CONVERSION = YES;
				CLANG_WARN_EMPTY_BODY = YES;
				CLANG_WARN_ENUM_CONVERSION = YES;
				CLANG_WARN_INT_CONVERSION = YES;
				CLANG_WARN__DUPLICATE_METHOD_MATCH = YES;
				"CODE_SIGN_IDENTITY[sdk=iphoneos*]" = "iPhone Developer";
				COPY_PHASE_STRIP = NO;
				GCC_C_LANGUAGE_STANDARD = gnu99;
				GCC_DYNAMIC_NO_PIC = NO;
				GCC_OPTIMIZATION_LEVEL = 0;
				GCC_PREPROCESSOR_DEFINITIONS = (
					"DEBUG=1",
					"$(inherited)",
				);
				GCC_SYMBOLS_PRIVATE_EXTERN = NO;
				GCC_WARN_ABOUT_RETURN_TYPE = YES;
				GCC_WARN_UNINITIALIZED_AUTOS = YES;
				GCC_WARN_UNUSED_VARIABLE = YES;
				IPHONEOS_DEPLOYMENT_TARGET = 6.1;
				ONLY_ACTIVE_ARCH = YES;
				SDKROOT = iphoneos;
			};
			name = Debug;
		};
		CB4B596C17DF95B700E0A3A0 /* Release */ = {
			isa = XCBuildConfiguration;
			buildSettings = {
				ALWAYS_SEARCH_USER_PATHS = NO;
				CLANG_CXX_LANGUAGE_STANDARD = "gnu++0x";
				CLANG_CXX_LIBRARY = "libc++";
				CLANG_ENABLE_OBJC_ARC = YES;
				CLANG_WARN_CONSTANT_CONVERSION = YES;
				CLANG_WARN_EMPTY_BODY = YES;
				CLANG_WARN_ENUM_CONVERSION = YES;
				CLANG_WARN_INT_CONVERSION = YES;
				CLANG_WARN__DUPLICATE_METHOD_MATCH = YES;
				"CODE_SIGN_IDENTITY[sdk=iphoneos*]" = "iPhone Developer";
				COPY_PHASE_STRIP = YES;
				GCC_C_LANGUAGE_STANDARD = gnu99;
				GCC_WARN_ABOUT_RETURN_TYPE = YES;
				GCC_WARN_UNINITIALIZED_AUTOS = YES;
				GCC_WARN_UNUSED_VARIABLE = YES;
				IPHONEOS_DEPLOYMENT_TARGET = 6.1;
				OTHER_CFLAGS = "-DNS_BLOCK_ASSERTIONS=1";
				SDKROOT = iphoneos;
				VALIDATE_PRODUCT = YES;
			};
			name = Release;
		};
		CB4B596E17DF95B700E0A3A0 /* Debug */ = {
			isa = XCBuildConfiguration;
			buildSettings = {
				GCC_PRECOMPILE_PREFIX_HEADER = YES;
				GCC_PREFIX_HEADER = "iOS_AR_Ch1_introduccion/iOS_AR_Ch1_introduccion-Prefix.pch";
				INFOPLIST_FILE = "iOS_AR_Ch1_introduccion/iOS_AR_Ch1_introduccion-Info.plist";
				PRODUCT_NAME = "$(TARGET_NAME)";
				WRAPPER_EXTENSION = app;
			};
			name = Debug;
		};
		CB4B596F17DF95B700E0A3A0 /* Release */ = {
			isa = XCBuildConfiguration;
			buildSettings = {
				GCC_PRECOMPILE_PREFIX_HEADER = YES;
				GCC_PREFIX_HEADER = "iOS_AR_Ch1_introduccion/iOS_AR_Ch1_introduccion-Prefix.pch";
				INFOPLIST_FILE = "iOS_AR_Ch1_introduccion/iOS_AR_Ch1_introduccion-Info.plist";
				PRODUCT_NAME = "$(TARGET_NAME)";
				WRAPPER_EXTENSION = app;
			};
			name = Release;
		};
/* End XCBuildConfiguration section */

/* Begin XCConfigurationList section */
		CB4B594517DF95B700E0A3A0 /* Build configuration list for PBXProject "iOS_AR_Ch1_introduccion" */ = {
			isa = XCConfigurationList;
			buildConfigurations = (
				CB4B596B17DF95B700E0A3A0 /* Debug */,
				CB4B596C17DF95B700E0A3A0 /* Release */,
			);
			defaultConfigurationIsVisible = 0;
			defaultConfigurationName = Release;
		};
		CB4B596D17DF95B700E0A3A0 /* Build configuration list for PBXNativeTarget "iOS_AR_Ch1_introduccion" */ = {
			isa = XCConfigurationList;
			buildConfigurations = (
				CB4B596E17DF95B700E0A3A0 /* Debug */,
				CB4B596F17DF95B700E0A3A0 /* Release */,
			);
			defaultConfigurationIsVisible = 0;
		};
/* End XCConfigurationList section */
	};
	rootObject = CB4B594217DF95B700E0A3A0 /* Project object */;
}
